
Microsoft Visual Studio Solution File, Format Version 12.00
# Visual Studio Version 17
VisualStudioVersion = 17.2.32602.215
MinimumVisualStudioVersion = 10.0.40219.1
Project("{9A19103F-16F7-4668-BE54-9A1E7A4F7556}") = "TriangleCheck", "TriangleCheck\TriangleCheck.csproj", "{5C912411-A57A-4570-A1C2-F75C82E4B2D2}"
EndProject
Project("{FAE04EC0-301F-11D3-BF4B-00C04F79EFBC}") = "TriangleCheckTests", "TriangleCheckTests\TriangleCheckTests.csproj", "{52C93DAC-7EB4-43C6-9572-322B2C426241}"
EndProject
Global
	GlobalSection(SolutionConfigurationPlatforms) = preSolution
		Debug|Any CPU = Debug|Any CPU
		Release|Any CPU = Release|Any CPU
	EndGlobalSection
	GlobalSection(ProjectConfigurationPlatforms) = postSolution
		{5C912411-A57A-4570-A1C2-F75C82E4B2D2}.Debug|Any CPU.ActiveCfg = Debug|Any CPU
		{5C912411-A57A-4570-A1C2-F75C82E4B2D2}.Debug|Any CPU.Build.0 = Debug|Any CPU
		{5C912411-A57A-4570-A1C2-F75C82E4B2D2}.Release|Any CPU.ActiveCfg = Release|Any CPU
		{5C912411-A57A-4570-A1C2-F75C82E4B2D2}.Release|Any CPU.Build.0 = Release|Any CPU
		{52C93DAC-7EB4-43C6-9572-322B2C426241}.Debug|Any CPU.ActiveCfg = Debug|Any CPU
		{52C93DAC-7EB4-43C6-9572-322B2C426241}.Debug|Any CPU.Build.0 = Debug|Any CPU
		{52C93DAC-7EB4-43C6-9572-322B2C426241}.Release|Any CPU.ActiveCfg = Release|Any CPU
		{52C93DAC-7EB4-43C6-9572-322B2C426241}.Release|Any CPU.Build.0 = Release|Any CPU
	EndGlobalSection
	GlobalSection(SolutionProperties) = preSolution
		HideSolutionNode = FALSE
	EndGlobalSection
	GlobalSection(ExtensibilityGlobals) = postSolution
		SolutionGuid = {BB20BC9E-628E-4609-A3D4-176F00AA93EA}
	EndGlobalSection
EndGlobal
